# THIS IS AN AUTOGENERATED FILE. DO NOT EDIT THIS FILE DIRECTLY.
# yarn lockfile v1


"@reach/observe-rect@^1.1.0":
  version "1.2.0"
  resolved "https://registry.yarnpkg.com/@reach/observe-rect/-/observe-rect-1.2.0.tgz#d7a6013b8aafcc64c778a0ccb83355a11204d3b2"
  integrity sha512-Ba7HmkFgfQxZqqaeIWWkNK0rEhpxVQHIoVyW1YDSkGsGIXzcaW4deC8B0pZrNSSyLTdIk7y+5olKt5+g0GmFIQ==
